// !$*UTF8*$!
{
	archiveVersion = 1;
	classes = {
	};
	objectVersion = 56;
	objects = {

/* Begin PBXBuildFile section */
		8FFAA6E929C3526300C1697A /* AppDelegate.swift in Sources */ = {isa = PBXBuildFile; fileRef = 8FFAA6E829C3526300C1697A /* AppDelegate.swift */; };
		8FFAA6EB29C3526300C1697A /* SceneDelegate.swift in Sources */ = {isa = PBXBuildFile; fileRef = 8FFAA6EA29C3526300C1697A /* SceneDelegate.swift */; };
		8FFAA6ED29C3526300C1697A /* ViewController.swift in Sources */ = {isa = PBXBuildFile; fileRef = 8FFAA6EC29C3526300C1697A /* ViewController.swift */; };
		8FFAA6F029C3526300C1697A /* Main.storyboard in Resources */ = {isa = PBXBuildFile; fileRef = 8FFAA6EE29C3526300C1697A /* Main.storyboard */; };
		8FFAA6F329C3526300C1697A /* Reuseable_C.xcdatamodeld in Sources */ = {isa = PBXBuildFile; fileRef = 8FFAA6F129C3526300C1697A /* Reuseable_C.xcdatamodeld */; };
		8FFAA6F529C3526400C1697A /* Assets.xcassets in Resources */ = {isa = PBXBuildFile; fileRef = 8FFAA6F429C3526400C1697A /* Assets.xcassets */; };
		8FFAA6F829C3526400C1697A /* LaunchScreen.storyboard in Resources */ = {isa = PBXBuildFile; fileRef = 8FFAA6F629C3526400C1697A /* LaunchScreen.storyboard */; };
		8FFAA70329C3526500C1697A /* Reuseable_CTests.swift in Sources */ = {isa = PBXBuildFile; fileRef = 8FFAA70229C3526500C1697A /* Reuseable_CTests.swift */; };
		8FFAA70D29C3526500C1697A /* Reuseable_CUITests.swift in Sources */ = {isa = PBXBuildFile; fileRef = 8FFAA70C29C3526500C1697A /* Reuseable_CUITests.swift */; };
		8FFAA70F29C3526500C1697A /* Reuseable_CUITestsLaunchTests.swift in Sources */ = {isa = PBXBuildFile; fileRef = 8FFAA70E29C3526500C1697A /* Reuseable_CUITestsLaunchTests.swift */; };
		8FFAA71C29C3578C00C1697A /* CustomButton.swift in Sources */ = {isa = PBXBuildFile; fileRef = 8FFAA71B29C3578C00C1697A /* CustomButton.swift */; };
/* End PBXBuildFile section */

/* Begin PBXContainerItemProxy section */
		8FFAA6FF29C3526500C1697A /* PBXContainerItemProxy */ = {
			isa = PBXContainerItemProxy;
			containerPortal = 8FFAA6DD29C3526300C1697A /* Project object */;
			proxyType = 1;
			remoteGlobalIDString = 8FFAA6E429C3526300C1697A;
			remoteInfo = Reuseable_C;
		};
		8FFAA70929C3526500C1697A /* PBXContainerItemProxy */ = {
			isa = PBXContainerItemProxy;
			containerPortal = 8FFAA6DD29C3526300C1697A /* Project object */;
			proxyType = 1;
			remoteGlobalIDString = 8FFAA6E429C3526300C1697A;
			remoteInfo = Reuseable_C;
		};
/* End PBXContainerItemProxy section */

/* Begin PBXFileReference section */
		8FFAA6E529C3526300C1697A /* Reuseable_C.app */ = {isa = PBXFileReference; explicitFileType = wrapper.application; includeInIndex = 0; path = Reuseable_C.app; sourceTree = BUILT_PRODUCTS_DIR; };
		8FFAA6E829C3526300C1697A /* AppDelegate.swift */ = {isa = PBXFileReference; lastKnownFileType = sourcecode.swift; path = AppDelegate.swift; sourceTree = "<group>"; };
		8FFAA6EA29C3526300C1697A /* SceneDelegate.swift */ = {isa = PBXFileReference; lastKnownFileType = sourcecode.swift; path = SceneDelegate.swift; sourceTree = "<group>"; };
		8FFAA6EC29C3526300C1697A /* ViewController.swift */ = {isa = PBXFileReference; lastKnownFileType = sourcecode.swift; path = ViewController.swift; sourceTree = "<group>"; };
		8FFAA6EF29C3526300C1697A /* Base */ = {isa = PBXFileReference; lastKnownFileType = file.storyboard; name = Base; path = Base.lproj/Main.storyboard; sourceTree = "<group>"; };
		8FFAA6F229C3526300C1697A /* Reuseable_C.xcdatamodel */ = {isa = PBXFileReference; lastKnownFileType = wrapper.xcdatamodel; path = Reuseable_C.xcdatamodel; sourceTree = "<group>"; };
		8FFAA6F429C3526400C1697A /* Assets.xcassets */ = {isa = PBXFileReference; lastKnownFileType = folder.assetcatalog; path = Assets.xcassets; sourceTree = "<group>"; };
		8FFAA6F729C3526400C1697A /* Base */ = {isa = PBXFileReference; lastKnownFileType = file.storyboard; name = Base; path = Base.lproj/LaunchScreen.storyboard; sourceTree = "<group>"; };
		8FFAA6F929C3526400C1697A /* Info.plist */ = {isa = PBXFileReference; lastKnownFileType = text.plist.xml; path = Info.plist; sourceTree = "<group>"; };
		8FFAA6FE29C3526500C1697A /* Reuseable_CTests.xctest */ = {isa = PBXFileReference; explicitFileType = wrapper.cfbundle; includeInIndex = 0; path = Reuseable_CTests.xctest; sourceTree = BUILT_PRODUCTS_DIR; };
		8FFAA70229C3526500C1697A /* Reuseable_CTests.swift */ = {isa = PBXFileReference; lastKnownFileType = sourcecode.swift; path = Reuseable_CTests.swift; sourceTree = "<group>"; };
		8FFAA70829C3526500C1697A /* Reuseable_CUITests.xctest */ = {isa = PBXFileReference; explicitFileType = wrapper.cfbundle; includeInIndex = 0; path = Reuseable_CUITests.xctest; sourceTree = BUILT_PRODUCTS_DIR; };
		8FFAA70C29C3526500C1697A /* Reuseable_CUITests.swift */ = {isa = PBXFileReference; lastKnownFileType = sourcecode.swift; path = Reuseable_CUITests.swift; sourceTree = "<group>"; };
		8FFAA70E29C3526500C1697A /* Reuseable_CUITestsLaunchTests.swift */ = {isa = PBXFileReference; lastKnownFileType = sourcecode.swift; path = Reuseable_CUITestsLaunchTests.swift; sourceTree = "<group>"; };
		8FFAA71B29C3578C00C1697A /* CustomButton.swift */ = {isa = PBXFileReference; lastKnownFileType = sourcecode.swift; path = CustomButton.swift; sourceTree = "<group>"; };
/* End PBXFileReference section */

/* Begin PBXFrameworksBuildPhase section */
		8FFAA6E229C3526300C1697A /* Frameworks */ = {
			isa = PBXFrameworksBuildPhase;
			buildActionMask = 2147483647;
			files = (
			);
			runOnlyForDeploymentPostprocessing = 0;
		};
		8FFAA6FB29C3526500C1697A /* Frameworks */ = {
			isa = PBXFrameworksBuildPhase;
			buildActionMask = 2147483647;
			files = (
			);
			runOnlyForDeploymentPostprocessing = 0;
		};
		8FFAA70529C3526500C1697A /* Frameworks */ = {
			isa = PBXFrameworksBuildPhase;
			buildActionMask = 2147483647;
			files = (
			);
			runOnlyForDeploymentPostprocessing = 0;
		};
/* End PBXFrameworksBuildPhase section */

/* Begin PBXGroup section */
		8FFAA6DC29C3526300C1697A = {
			isa = PBXGroup;
			children = (
				8FFAA6E729C3526300C1697A /* Reuseable_C */,
				8FFAA70129C3526500C1697A /* Reuseable_CTests */,
				8FFAA70B29C3526500C1697A /* Reuseable_CUITests */,
				8FFAA6E629C3526300C1697A /* Products */,
			);
			sourceTree = "<group>";
		};
		8FFAA6E629C3526300C1697A /* Products */ = {
			isa = PBXGroup;
			children = (
				8FFAA6E529C3526300C1697A /* Reuseable_C.app */,
				8FFAA6FE29C3526500C1697A /* Reuseable_CTests.xctest */,
				8FFAA70829C3526500C1697A /* Reuseable_CUITests.xctest */,
			);
			name = Products;
			sourceTree = "<group>";
		};
		8FFAA6E729C3526300C1697A /* Reuseable_C */ = {
			isa = PBXGroup;
			children = (
				8FFAA6E829C3526300C1697A /* AppDelegate.swift */,
				8FFAA6EA29C3526300C1697A /* SceneDelegate.swift */,
				8FFAA6EC29C3526300C1697A /* ViewController.swift */,
				8FFAA71B29C3578C00C1697A /* CustomButton.swift */,
				8FFAA6EE29C3526300C1697A /* Main.storyboard */,
				8FFAA6F429C3526400C1697A /* Assets.xcassets */,
				8FFAA6F629C3526400C1697A /* LaunchScreen.storyboard */,
				8FFAA6F929C3526400C1697A /* Info.plist */,
				8FFAA6F129C3526300C1697A /* Reuseable_C.xcdatamodeld */,
			);
			path = Reuseable_C;
			sourceTree = "<group>";
		};
		8FFAA70129C3526500C1697A /* Reuseable_CTests */ = {
			isa = PBXGroup;
			children = (
				8FFAA70229C3526500C1697A /* Reuseable_CTests.swift */,
			);
			path = Reuseable_CTests;
			sourceTree = "<group>";
		};
		8FFAA70B29C3526500C1697A /* Reuseable_CUITests */ = {
			isa = PBXGroup;
			children = (
				8FFAA70C29C3526500C1697A /* Reuseable_CUITests.swift */,
				8FFAA70E29C3526500C1697A /* Reuseable_CUITestsLaunchTests.swift */,
			);
			path = Reuseable_CUITests;
			sourceTree = "<group>";
		};
/* End PBXGroup section */

/* Begin PBXNativeTarget section */
		8FFAA6E429C3526300C1697A /* Reuseable_C */ = {
			isa = PBXNativeTarget;
			buildConfigurationList = 8FFAA71229C3526500C1697A /* Build configuration list for PBXNativeTarget "Reuseable_C" */;
			buildPhases = (
				8FFAA6E129C3526300C1697A /* Sources */,
				8FFAA6E229C3526300C1697A /* Frameworks */,
				8FFAA6E329C3526300C1697A /* Resources */,
			);
			buildRules = (
			);
			dependencies = (
			);
			name = Reuseable_C;
			productName = Reuseable_C;
			productReference = 8FFAA6E529C3526300C1697A /* Reuseable_C.app */;
			productType = "com.apple.product-type.application";
		};
		8FFAA6FD29C3526500C1697A /* Reuseable_CTests */ = {
			isa = PBXNativeTarget;
			buildConfigurationList = 8FFAA71529C3526500C1697A /* Build configuration list for PBXNativeTarget "Reuseable_CTests" */;
			buildPhases = (
				8FFAA6FA29C3526500C1697A /* Sources */,
				8FFAA6FB29C3526500C1697A /* Frameworks */,
				8FFAA6FC29C3526500C1697A /* Resources */,
			);
			buildRules = (
			);
			dependencies = (
				8FFAA70029C3526500C1697A /* PBXTargetDependency */,
			);
			name = Reuseable_CTests;
			productName = Reuseable_CTests;
			productReference = 8FFAA6FE29C3526500C1697A /* Reuseable_CTests.xctest */;
			productType = "com.apple.product-type.bundle.unit-test";
		};
		8FFAA70729C3526500C1697A /* Reuseable_CUITests */ = {
			isa = PBXNativeTarget;
			buildConfigurationList = 8FFAA71829C3526500C1697A /* Build configuration list for PBXNativeTarget "Reuseable_CUITests" */;
			buildPhases = (
				8FFAA70429C3526500C1697A /* Sources */,
				8FFAA70529C3526500C1697A /* Frameworks */,
				8FFAA70629C3526500C1697A /* Resources */,
			);
			buildRules = (
			);
			dependencies = (
				8FFAA70A29C3526500C1697A /* PBXTargetDependency */,
			);
			name = Reuseable_CUITests;
			productName = Reuseable_CUITests;
			productReference = 8FFAA70829C3526500C1697A /* Reuseable_CUITests.xctest */;
			productType = "com.apple.product-type.bundle.ui-testing";
		};
/* End PBXNativeTarget section */

/* Begin PBXProject section */
		8FFAA6DD29C3526300C1697A /* Project object */ = {
			isa = PBXProject;
			attributes = {
				BuildIndependentTargetsInParallel = 1;
				LastSwiftUpdateCheck = 1420;
				LastUpgradeCheck = 1420;
				TargetAttributes = {
					8FFAA6E429C3526300C1697A = {
						CreatedOnToolsVersion = 14.2;
					};
					8FFAA6FD29C3526500C1697A = {
						CreatedOnToolsVersion = 14.2;
						TestTargetID = 8FFAA6E429C3526300C1697A;
					};
					8FFAA70729C3526500C1697A = {
						CreatedOnToolsVersion = 14.2;
						TestTargetID = 8FFAA6E429C3526300C1697A;
					};
				};
			};
			buildConfigurationList = 8FFAA6E029C3526300C1697A /* Build configuration list for PBXProject "Reuseable_C" */;
			compatibilityVersion = "Xcode 14.0";
			developmentRegion = en;
			hasScannedForEncodings = 0;
			knownRegions = (
				en,
				Base,
			);
			mainGroup = 8FFAA6DC29C3526300C1697A;
			productRefGroup = 8FFAA6E629C3526300C1697A /* Products */;
			projectDirPath = "";
			projectRoot = "";
			targets = (
				8FFAA6E429C3526300C1697A /* Reuseable_C */,
				8FFAA6FD29C3526500C1697A /* Reuseable_CTests */,
				8FFAA70729C3526500C1697A /* Reuseable_CUITests */,
			);
		};
/* End PBXProject section */

/* Begin PBXResourcesBuildPhase section */
		8FFAA6E329C3526300C1697A /* Resources */ = {
			isa = PBXResourcesBuildPhase;
			buildActionMask = 2147483647;
			files = (
				8FFAA6F829C3526400C1697A /* LaunchScreen.storyboard in Resources */,
				8FFAA6F529C3526400C1697A /* Assets.xcassets in Resources */,
				8FFAA6F029C3526300C1697A /* Main.storyboard in Resources */,
			);
			runOnlyForDeploymentPostprocessing = 0;
		};
		8FFAA6FC29C3526500C1697A /* Resources */ = {
			isa = PBXResourcesBuildPhase;
			buildActionMask = 2147483647;
			files = (
			);
			runOnlyForDeploymentPostprocessing = 0;
		};
		8FFAA70629C3526500C1697A /* Resources */ = {
			isa = PBXResourcesBuildPhase;
			buildActionMask = 2147483647;
			files = (
			);
			runOnlyForDeploymentPostprocessing = 0;
		};
/* End PBXResourcesBuildPhase section */

/* Begin PBXSourcesBuildPhase section */
		8FFAA6E129C3526300C1697A /* Sources */ = {
			isa = PBXSourcesBuildPhase;
			buildActionMask = 2147483647;
			files = (
				8FFAA6ED29C3526300C1697A /* ViewController.swift in Sources */,
				8FFAA6E929C3526300C1697A /* AppDelegate.swift in Sources */,
				8FFAA6F329C3526300C1697A /* Reuseable_C.xcdatamodeld in Sources */,
				8FFAA6EB29C3526300C1697A /* SceneDelegate.swift in Sources */,
				8FFAA71C29C3578C00C1697A /* CustomButton.swift in Sources */,
			);
			runOnlyForDeploymentPostprocessing = 0;
		};
		8FFAA6FA29C3526500C1697A /* Sources */ = {
			isa = PBXSourcesBuildPhase;
			buildActionMask = 2147483647;
			files = (
				8FFAA70329C3526500C1697A /* Reuseable_CTests.swift in Sources */,
			);
			runOnlyForDeploymentPostprocessing = 0;
		};
		8FFAA70429C3526500C1697A /* Sources */ = {
			isa = PBXSourcesBuildPhase;
			buildActionMask = 2147483647;
			files = (
				8FFAA70D29C3526500C1697A /* Reuseable_CUITests.swift in Sources */,
				8FFAA70F29C3526500C1697A /* Reuseable_CUITestsLaunchTests.swift in Sources */,
			);
			runOnlyForDeploymentPostprocessing = 0;
		};
/* End PBXSourcesBuildPhase section */

/* Begin PBXTargetDependency section */
		8FFAA70029C3526500C1697A /* PBXTargetDependency */ = {
			isa = PBXTargetDependency;
			target = 8FFAA6E429C3526300C1697A /* Reuseable_C */;
			targetProxy = 8FFAA6FF29C3526500C1697A /* PBXContainerItemProxy */;
		};
		8FFAA70A29C3526500C1697A /* PBXTargetDependency */ = {
			isa = PBXTargetDependency;
			target = 8FFAA6E429C3526300C1697A /* Reuseable_C */;
			targetProxy = 8FFAA70929C3526500C1697A /* PBXContainerItemProxy */;
		};
/* End PBXTargetDependency section */

/* Begin PBXVariantGroup section */
		8FFAA6EE29C3526300C1697A /* Main.storyboard */ = {
			isa = PBXVariantGroup;
			children = (
				8FFAA6EF29C3526300C1697A /* Base */,
			);
			name = Main.storyboard;
			sourceTree = "<group>";
		};
		8FFAA6F629C3526400C1697A /* LaunchScreen.storyboard */ = {
			isa = PBXVariantGroup;
			children = (
				8FFAA6F729C3526400C1697A /* Base */,
			);
			name = LaunchScreen.storyboard;
			sourceTree = "<group>";
		};
/* End PBXVariantGroup section */

/* Begin XCBuildConfiguration section */
		8FFAA71029C3526500C1697A /* Debug */ = {
			isa = XCBuildConfiguration;
			buildSettings = {
				ALWAYS_SEARCH_USER_PATHS = NO;
				CLANG_ANALYZER_NONNULL = YES;
				CLANG_ANALYZER_NUMBER_OBJECT_CONVERSION = YES_AGGRESSIVE;
				CLANG_CXX_LANGUAGE_STANDARD = "gnu++20";
				CLANG_ENABLE_MODULES = YES;
				CLANG_ENABLE_OBJC_ARC = YES;
				CLANG_ENABLE_OBJC_WEAK = YES;
				CLANG_WARN_BLOCK_CAPTURE_AUTORELEASING = YES;
				CLANG_WARN_BOOL_CONVERSION = YES;
				CLANG_WARN_COMMA = YES;
				CLANG_WARN_CONSTANT_CONVERSION = YES;
				CLANG_WARN_DEPRECATED_OBJC_IMPLEMENTATIONS = YES;
				CLANG_WARN_DIRECT_OBJC_ISA_USAGE = YES_ERROR;
				CLANG_WARN_DOCUMENTATION_COMMENTS = YES;
				CLANG_WARN_EMPTY_BODY = YES;
				CLANG_WARN_ENUM_CONVERSION = YES;
				CLANG_WARN_INFINITE_RECURSION = YES;
				CLANG_WARN_INT_CONVERSION = YES;
				CLANG_WARN_NON_LITERAL_NULL_CONVERSION = YES;
				CLANG_WARN_OBJC_IMPLICIT_RETAIN_SELF = YES;
				CLANG_WARN_OBJC_LITERAL_CONVERSION = YES;
				CLANG_WARN_OBJC_ROOT_CLASS = YES_ERROR;
				CLANG_WARN_QUOTED_INCLUDE_IN_FRAMEWORK_HEADER = YES;
				CLANG_WARN_RANGE_LOOP_ANALYSIS = YES;
				CLANG_WARN_STRICT_PROTOTYPES = YES;
				CLANG_WARN_SUSPICIOUS_MOVE = YES;
				CLANG_WARN_UNGUARDED_AVAILABILITY = YES_AGGRESSIVE;
				CLANG_WARN_UNREACHABLE_CODE = YES;
				CLANG_WARN__DUPLICATE_METHOD_MATCH = YES;
				COPY_PHASE_STRIP = NO;
				DEBUG_INFORMATION_FORMAT = dwarf;
				ENABLE_STRICT_OBJC_MSGSEND = YES;
				ENABLE_TESTABILITY = YES;
				GCC_C_LANGUAGE_STANDARD = gnu11;
				GCC_DYNAMIC_NO_PIC = NO;
				GCC_NO_COMMON_BLOCKS = YES;
				GCC_OPTIMIZATION_LEVEL = 0;
				GCC_PREPROCESSOR_DEFINITIONS = (
					"DEBUG=1",
					"$(inherited)",
				);
				GCC_WARN_64_TO_32_BIT_CONVERSION = YES;
				GCC_WARN_ABOUT_RETURN_TYPE = YES_ERROR;
				GCC_WARN_UNDECLARED_SELECTOR = YES;
				GCC_WARN_UNINITIALIZED_AUTOS = YES_AGGRESSIVE;
				GCC_WARN_UNUSED_FUNCTION = YES;
				GCC_WARN_UNUSED_VARIABLE = YES;
				IPHONEOS_DEPLOYMENT_TARGET = 16.2;
				MTL_ENABLE_DEBUG_INFO = INCLUDE_SOURCE;
				MTL_FAST_MATH = YES;
				ONLY_ACTIVE_ARCH = YES;
				SDKROOT = iphoneos;
				SWIFT_ACTIVE_COMPILATION_CONDITIONS = DEBUG;
				SWIFT_OPTIMIZATION_LEVEL = "-Onone";
			};
			name = Debug;
		};
		8FFAA71129C3526500C1697A /* Release */ = {
			isa = XCBuildConfiguration;
			buildSettings = {
				ALWAYS_SEARCH_USER_PATHS = NO;
				CLANG_ANALYZER_NONNULL = YES;
				CLANG_ANALYZER_NUMBER_OBJECT_CONVERSION = YES_AGGRESSIVE;
				CLANG_CXX_LANGUAGE_STANDARD = "gnu++20";
				CLANG_ENABLE_MODULES = YES;
				CLANG_ENABLE_OBJC_ARC = YES;
				CLANG_ENABLE_OBJC_WEAK = YES;
				CLANG_WARN_BLOCK_CAPTURE_AUTORELEASING = YES;
				CLANG_WARN_BOOL_CONVERSION = YES;
				CLANG_WARN_COMMA = YES;
				CLANG_WARN_CONSTANT_CONVERSION = YES;
				CLANG_WARN_DEPRECATED_OBJC_IMPLEMENTATIONS = YES;
				CLANG_WARN_DIRECT_OBJC_ISA_USAGE = YES_ERROR;
				CLANG_WARN_DOCUMENTATION_COMMENTS = YES;
				CLANG_WARN_EMPTY_BODY = YES;
				CLANG_WARN_ENUM_CONVERSION = YES;
				CLANG_WARN_INFINITE_RECURSION = YES;
				CLANG_WARN_INT_CONVERSION = YES;
				CLANG_WARN_NON_LITERAL_NULL_CONVERSION = YES;
				CLANG_WARN_OBJC_IMPLICIT_RETAIN_SELF = YES;
				CLANG_WARN_OBJC_LITERAL_CONVERSION = YES;
				CLANG_WARN_OBJC_ROOT_CLASS = YES_ERROR;
				CLANG_WARN_QUOTED_INCLUDE_IN_FRAMEWORK_HEADER = YES;
				CLANG_WARN_RANGE_LOOP_ANALYSIS = YES;
				CLANG_WARN_STRICT_PROTOTYPES = YES;
				CLANG_WARN_SUSPICIOUS_MOVE = YES;
				CLANG_WARN_UNGUARDED_AVAILABILITY = YES_AGGRESSIVE;
				CLANG_WARN_UNREACHABLE_CODE = YES;
				CLANG_WARN__DUPLICATE_METHOD_MATCH = YES;
				COPY_PHASE_STRIP = NO;
				DEBUG_INFORMATION_FORMAT = "dwarf-with-dsym";
				ENABLE_NS_ASSERTIONS = NO;
				ENABLE_STRICT_OBJC_MSGSEND = YES;
				GCC_C_LANGUAGE_STANDARD = gnu11;
				GCC_NO_COMMON_BLOCKS = YES;
				GCC_WARN_64_TO_32_BIT_CONVERSION = YES;
				GCC_WARN_ABOUT_RETURN_TYPE = YES_ERROR;
				GCC_WARN_UNDECLARED_SELECTOR = YES;
				GCC_WARN_UNINITIALIZED_AUTOS = YES_AGGRESSIVE;
				GCC_WARN_UNUSED_FUNCTION = YES;
				GCC_WARN_UNUSED_VARIABLE = YES;
				IPHONEOS_DEPLOYMENT_TARGET = 16.2;
				MTL_ENABLE_DEBUG_INFO = NO;
				MTL_FAST_MATH = YES;
				SDKROOT = iphoneos;
				SWIFT_COMPILATION_MODE = wholemodule;
				SWIFT_OPTIMIZATION_LEVEL = "-O";
				VALIDATE_PRODUCT = YES;
			};
			name = Release;
		};
		8FFAA71329C3526500C1697A /* Debug */ = {
			isa = XCBuildConfiguration;
			buildSettings = {
				ASSETCATALOG_COMPILER_APPICON_NAME = AppIcon;
				ASSETCATALOG_COMPILER_GLOBAL_ACCENT_COLOR_NAME = AccentColor;
				CODE_SIGN_STYLE = Automatic;
				CURRENT_PROJECT_VERSION = 1;
				DEVELOPMENT_TEAM = 8JM93FQP36;
				GENERATE_INFOPLIST_FILE = YES;
				INFOPLIST_FILE = Reuseable_C/Info.plist;
				INFOPLIST_KEY_UIApplicationSupportsIndirectInputEvents = YES;
				INFOPLIST_KEY_UILaunchStoryboardName = LaunchScreen;
				INFOPLIST_KEY_UIMainStoryboardFile = Main;
				INFOPLIST_KEY_UISupportedInterfaceOrientations_iPad = "UIInterfaceOrientationPortrait UIInterfaceOrientationPortraitUpsideDown UIInterfaceOrientationLandscapeLeft UIInterfaceOrientationLandscapeRight";
				INFOPLIST_KEY_UISupportedInterfaceOrientations_iPhone = "UIInterfaceOrientationPortrait UIInterfaceOrientationLandscapeLeft UIInterfaceOrientationLandscapeRight";
				LD_RUNPATH_SEARCH_PATHS = (
					"$(inherited)",
					"@executable_path/Frameworks",
				);
				MARKETING_VERSION = 1.0;
				PRODUCT_BUNDLE_IDENTIFIER = "bongani.m.Reuseable-C";
				PRODUCT_NAME = "$(TARGET_NAME)";
				SWIFT_EMIT_LOC_STRINGS = YES;
				SWIFT_VERSION = 5.0;
				TARGETED_DEVICE_FAMILY = "1,2";
			};
			name = Debug;
		};
		8FFAA71429C3526500C1697A /* Release */ = {
			isa = XCBuildConfiguration;
			buildSettings = {
				ASSETCATALOG_COMPILER_APPICON_NAME = AppIcon;
				ASSETCATALOG_COMPILER_GLOBAL_ACCENT_COLOR_NAME = AccentColor;
				CODE_SIGN_STYLE = Automatic;
				CURRENT_PROJECT_VERSION = 1;
				DEVELOPMENT_TEAM = 8JM93FQP36;
				GENERATE_INFOPLIST_FILE = YES;
				INFOPLIST_FILE = Reuseable_C/Info.plist;
				INFOPLIST_KEY_UIApplicationSupportsIndirectInputEvents = YES;
				INFOPLIST_KEY_UILaunchStoryboardName = LaunchScreen;
				INFOPLIST_KEY_UIMainStoryboardFile = Main;
				INFOPLIST_KEY_UISupportedInterfaceOrientations_iPad = "UIInterfaceOrientationPortrait UIInterfaceOrientationPortraitUpsideDown UIInterfaceOrientationLandscapeLeft UIInterfaceOrientationLandscapeRight";
				INFOPLIST_KEY_UISupportedInterfaceOrientations_iPhone = "UIInterfaceOrientationPortrait UIInterfaceOrientationLandscapeLeft UIInterfaceOrientationLandscapeRight";
				LD_RUNPATH_SEARCH_PATHS = (
					"$(inherited)",
					"@executable_path/Frameworks",
				);
				MARKETING_VERSION = 1.0;
				PRODUCT_BUNDLE_IDENTIFIER = "bongani.m.Reuseable-C";
				PRODUCT_NAME = "$(TARGET_NAME)";
				SWIFT_EMIT_LOC_STRINGS = YES;
				SWIFT_VERSION = 5.0;
				TARGETED_DEVICE_FAMILY = "1,2";
			};
			name = Release;
		};
		8FFAA71629C3526500C1697A /* Debug */ = {
			isa = XCBuildConfiguration;
			buildSettings = {
				ALWAYS_EMBED_SWIFT_STANDARD_LIBRARIES = YES;
				BUNDLE_LOADER = "$(TEST_HOST)";
				CODE_SIGN_STYLE = Automatic;
				CURRENT_PROJECT_VERSION = 1;
				DEVELOPMENT_TEAM = 8JM93FQP36;
				GENERATE_INFOPLIST_FILE = YES;
				IPHONEOS_DEPLOYMENT_TARGET = 16.2;
				MARKETING_VERSION = 1.0;
				PRODUCT_BUNDLE_IDENTIFIER = "bongani.m.Reuseable-CTests";
				PRODUCT_NAME = "$(TARGET_NAME)";
				SWIFT_EMIT_LOC_STRINGS = NO;
				SWIFT_VERSION = 5.0;
				TARGETED_DEVICE_FAMILY = "1,2";
				TEST_HOST = "$(BUILT_PRODUCTS_DIR)/Reuseable_C.app/$(BUNDLE_EXECUTABLE_FOLDER_PATH)/Reuseable_C";
			};
			name = Debug;
		};
		8FFAA71729C3526500C1697A /* Release */ = {
			isa = XCBuildConfiguration;
			buildSettings = {
				ALWAYS_EMBED_SWIFT_STANDARD_LIBRARIES = YES;
				BUNDLE_LOADER = "$(TEST_HOST)";
				CODE_SIGN_STYLE = Automatic;
				CURRENT_PROJECT_VERSION = 1;
				DEVELOPMENT_TEAM = 8JM93FQP36;
				GENERATE_INFOPLIST_FILE = YES;
				IPHONEOS_DEPLOYMENT_TARGET = 16.2;
				MARKETING_VERSION = 1.0;
				PRODUCT_BUNDLE_IDENTIFIER = "bongani.m.Reuseable-CTests";
				PRODUCT_NAME = "$(TARGET_NAME)";
				SWIFT_EMIT_LOC_STRINGS = NO;
				SWIFT_VERSION = 5.0;
				TARGETED_DEVICE_FAMILY = "1,2";
				TEST_HOST = "$(BUILT_PRODUCTS_DIR)/Reuseable_C.app/$(BUNDLE_EXECUTABLE_FOLDER_PATH)/Reuseable_C";
			};
			name = Release;
		};
		8FFAA71929C3526500C1697A /* Debug */ = {
			isa = XCBuildConfiguration;
			buildSettings = {
				ALWAYS_EMBED_SWIFT_STANDARD_LIBRARIES = YES;
				CODE_SIGN_STYLE = Automatic;
				CURRENT_PROJECT_VERSION = 1;
				DEVELOPMENT_TEAM = 8JM93FQP36;
				GENERATE_INFOPLIST_FILE = YES;
				MARKETING_VERSION = 1.0;
				PRODUCT_BUNDLE_IDENTIFIER = "bongani.m.Reuseable-CUITests";
				PRODUCT_NAME = "$(TARGET_NAME)";
				SWIFT_EMIT_LOC_STRINGS = NO;
				SWIFT_VERSION = 5.0;
				TARGETED_DEVICE_FAMILY = "1,2";
				TEST_TARGET_NAME = Reuseable_C;
			};
			name = Debug;
		};
		8FFAA71A29C3526500C1697A /* Release */ = {
			isa = XCBuildConfiguration;
			buildSettings = {
				ALWAYS_EMBED_SWIFT_STANDARD_LIBRARIES = YES;
				CODE_SIGN_STYLE = Automatic;
				CURRENT_PROJECT_VERSION = 1;
				DEVELOPMENT_TEAM = 8JM93FQP36;
				GENERATE_INFOPLIST_FILE = YES;
				MARKETING_VERSION = 1.0;
				PRODUCT_BUNDLE_IDENTIFIER = "bongani.m.Reuseable-CUITests";
				PRODUCT_NAME = "$(TARGET_NAME)";
				SWIFT_EMIT_LOC_STRINGS = NO;
				SWIFT_VERSION = 5.0;
				TARGETED_DEVICE_FAMILY = "1,2";
				TEST_TARGET_NAME = Reuseable_C;
			};
			name = Release;
		};
/* End XCBuildConfiguration section */

/* Begin XCConfigurationList section */
		8FFAA6E029C3526300C1697A /* Build configuration list for PBXProject "Reuseable_C" */ = {
			isa = XCConfigurationList;
			buildConfigurations = (
				8FFAA71029C3526500C1697A /* Debug */,
				8FFAA71129C3526500C1697A /* Release */,
			);
			defaultConfigurationIsVisible = 0;
			defaultConfigurationName = Release;
		};
		8FFAA71229C3526500C1697A /* Build configuration list for PBXNativeTarget "Reuseable_C" */ = {
			isa = XCConfigurationList;
			buildConfigurations = (
				8FFAA71329C3526500C1697A /* Debug */,
				8FFAA71429C3526500C1697A /* Release */,
			);
			defaultConfigurationIsVisible = 0;
			defaultConfigurationName = Release;
		};
		8FFAA71529C3526500C1697A /* Build configuration list for PBXNativeTarget "Reuseable_CTests" */ = {
			isa = XCConfigurationList;
			buildConfigurations = (
				8FFAA71629C3526500C1697A /* Debug */,
				8FFAA71729C3526500C1697A /* Release */,
			);
			defaultConfigurationIsVisible = 0;
			defaultConfigurationName = Release;
		};
		8FFAA71829C3526500C1697A /* Build configuration list for PBXNativeTarget "Reuseable_CUITests" */ = {
			isa = XCConfigurationList;
			buildConfigurations = (
				8FFAA71929C3526500C1697A /* Debug */,
				8FFAA71A29C3526500C1697A /* Release */,
			);
			defaultConfigurationIsVisible = 0;
			defaultConfigurationName = Release;
		};
/* End XCConfigurationList section */

/* Begin XCVersionGroup section */
		8FFAA6F129C3526300C1697A /* Reuseable_C.xcdatamodeld */ = {
			isa = XCVersionGroup;
			children = (
				8FFAA6F229C3526300C1697A /* Reuseable_C.xcdatamodel */,
			);
			currentVersion = 8FFAA6F229C3526300C1697A /* Reuseable_C.xcdatamodel */;
			path = Reuseable_C.xcdatamodeld;
			sourceTree = "<group>";
			versionGroupType = wrapper.xcdatamodel;
		};
/* End XCVersionGroup section */
	};
	rootObject = 8FFAA6DD29C3526300C1697A /* Project object */;
}
